
Microsoft Visual Studio Solution File, Format Version 12.00
# Visual Studio Version 17
VisualStudioVersion = 17.3.32819.101
MinimumVisualStudioVersion = 10.0.40219.1
Project("{9A19103F-16F7-4668-BE54-9A1E7A4F7556}") = "DataAccess", "DataAccess\DataAccess.csproj", "{909435CF-BCEB-4521-BDCF-707357063C78}"
EndProject
Project("{9A19103F-16F7-4668-BE54-9A1E7A4F7556}") = "Business", "Business\Business.csproj", "{501F6012-9A4C-45E0-AB6D-61AE10744C46}"
EndProject
Project("{9A19103F-16F7-4668-BE54-9A1E7A4F7556}") = "Entities", "Entities\Entities.csproj", "{7E3C2A29-E0D2-4D1F-BE6E-D772E42C9340}"
EndProject
Project("{9A19103F-16F7-4668-BE54-9A1E7A4F7556}") = "ConsoleUI", "ConsoleUI\ConsoleUI.csproj", "{0BCA0ED8-E1A3-4480-BC8B-655074090483}"
EndProject
Project("{9A19103F-16F7-4668-BE54-9A1E7A4F7556}") = "Core", "Core\Core.csproj", "{53498BCE-6990-4992-A7BE-F001B953B8C1}"
EndProject
Project("{FAE04EC0-301F-11D3-BF4B-00C04F79EFBC}") = "WebAPI", "WebAPI\WebAPI.csproj", "{317A0D91-24DE-480B-9194-3B993DF248D2}"
EndProject
Global
	GlobalSection(SolutionConfigurationPlatforms) = preSolution
		Debug|Any CPU = Debug|Any CPU
		Release|Any CPU = Release|Any CPU
	EndGlobalSection
	GlobalSection(ProjectConfigurationPlatforms) = postSolution
		{909435CF-BCEB-4521-BDCF-707357063C78}.Debug|Any CPU.ActiveCfg = Debug|Any CPU
		{909435CF-BCEB-4521-BDCF-707357063C78}.Debug|Any CPU.Build.0 = Debug|Any CPU
		{909435CF-BCEB-4521-BDCF-707357063C78}.Release|Any CPU.ActiveCfg = Release|Any CPU
		{909435CF-BCEB-4521-BDCF-707357063C78}.Release|Any CPU.Build.0 = Release|Any CPU
		{501F6012-9A4C-45E0-AB6D-61AE10744C46}.Debug|Any CPU.ActiveCfg = Debug|Any CPU
		{501F6012-9A4C-45E0-AB6D-61AE10744C46}.Debug|Any CPU.Build.0 = Debug|Any CPU
		{501F6012-9A4C-45E0-AB6D-61AE10744C46}.Release|Any CPU.ActiveCfg = Release|Any CPU
		{501F6012-9A4C-45E0-AB6D-61AE10744C46}.Release|Any CPU.Build.0 = Release|Any CPU
		{7E3C2A29-E0D2-4D1F-BE6E-D772E42C9340}.Debug|Any CPU.ActiveCfg = Debug|Any CPU
		{7E3C2A29-E0D2-4D1F-BE6E-D772E42C9340}.Debug|Any CPU.Build.0 = Debug|Any CPU
		{7E3C2A29-E0D2-4D1F-BE6E-D772E42C9340}.Release|Any CPU.ActiveCfg = Release|Any CPU
		{7E3C2A29-E0D2-4D1F-BE6E-D772E42C9340}.Release|Any CPU.Build.0 = Release|Any CPU
		{0BCA0ED8-E1A3-4480-BC8B-655074090483}.Debug|Any CPU.ActiveCfg = Debug|Any CPU
		{0BCA0ED8-E1A3-4480-BC8B-655074090483}.Debug|Any CPU.Build.0 = Debug|Any CPU
		{0BCA0ED8-E1A3-4480-BC8B-655074090483}.Release|Any CPU.ActiveCfg = Release|Any CPU
		{0BCA0ED8-E1A3-4480-BC8B-655074090483}.Release|Any CPU.Build.0 = Release|Any CPU
		{53498BCE-6990-4992-A7BE-F001B953B8C1}.Debug|Any CPU.ActiveCfg = Debug|Any CPU
		{53498BCE-6990-4992-A7BE-F001B953B8C1}.Debug|Any CPU.Build.0 = Debug|Any CPU
		{53498BCE-6990-4992-A7BE-F001B953B8C1}.Release|Any CPU.ActiveCfg = Release|Any CPU
		{53498BCE-6990-4992-A7BE-F001B953B8C1}.Release|Any CPU.Build.0 = Release|Any CPU
		{317A0D91-24DE-480B-9194-3B993DF248D2}.Debug|Any CPU.ActiveCfg = Debug|Any CPU
		{317A0D91-24DE-480B-9194-3B993DF248D2}.Debug|Any CPU.Build.0 = Debug|Any CPU
		{317A0D91-24DE-480B-9194-3B993DF248D2}.Release|Any CPU.ActiveCfg = Release|Any CPU
		{317A0D91-24DE-480B-9194-3B993DF248D2}.Release|Any CPU.Build.0 = Release|Any CPU
	EndGlobalSection
	GlobalSection(SolutionProperties) = preSolution
		HideSolutionNode = FALSE
	EndGlobalSection
	GlobalSection(ExtensibilityGlobals) = postSolution
		SolutionGuid = {29BFF7C0-9CFB-4756-A924-C6962E029F1B}
	EndGlobalSection
EndGlobal
